
Microsoft Visual Studio Solution File, Format Version 12.00
# Visual Studio Version 17
VisualStudioVersion = 17.0.31903.59
MinimumVisualStudioVersion = 10.0.40219.1
Project("{FAE04EC0-301F-11D3-BF4B-00C04F79EFBC}") = "AuthenticatorDesktop", "AuthenticatorDesktop\AuthenticatorDesktop.csproj", "{75D3471C-56D8-4258-8BED-1F1CD8862A4E}"
EndProject
Project("{FAE04EC0-301F-11D3-BF4B-00C04F79EFBC}") = "Core", "Core\Core.csproj", "{4276B616-B1AC-4943-8B82-0B4623682556}"
EndProject
Global
	GlobalSection(SolutionConfigurationPlatforms) = preSolution
		Debug|Any CPU = Debug|Any CPU
		Release|Any CPU = Release|Any CPU
	EndGlobalSection
	GlobalSection(SolutionProperties) = preSolution
		HideSolutionNode = FALSE
	EndGlobalSection
	GlobalSection(ProjectConfigurationPlatforms) = postSolution
		{75D3471C-56D8-4258-8BED-1F1CD8862A4E}.Debug|Any CPU.ActiveCfg = Debug|Any CPU
		{75D3471C-56D8-4258-8BED-1F1CD8862A4E}.Debug|Any CPU.Build.0 = Debug|Any CPU
		{75D3471C-56D8-4258-8BED-1F1CD8862A4E}.Release|Any CPU.ActiveCfg = Release|Any CPU
		{75D3471C-56D8-4258-8BED-1F1CD8862A4E}.Release|Any CPU.Build.0 = Release|Any CPU
		{4276B616-B1AC-4943-8B82-0B4623682556}.Debug|Any CPU.ActiveCfg = Debug|Any CPU
		{4276B616-B1AC-4943-8B82-0B4623682556}.Debug|Any CPU.Build.0 = Debug|Any CPU
		{4276B616-B1AC-4943-8B82-0B4623682556}.Release|Any CPU.ActiveCfg = Release|Any CPU
		{4276B616-B1AC-4943-8B82-0B4623682556}.Release|Any CPU.Build.0 = Release|Any CPU
	EndGlobalSection
EndGlobal
